
Microsoft Visual Studio Solution File, Format Version 12.00
# Visual Studio 15
VisualStudioVersion = 15.0.26124.0
MinimumVisualStudioVersion = 15.0.26124.0
Project("{2150E333-8FDC-42A3-9474-1A3956D46DE8}") = "src", "src", "{CEBC1DF4-E839-4AF7-BC74-3D5BB7CEB3B0}"
EndProject
Project("{9A19103F-16F7-4668-BE54-9A1E7A4F7556}") = "NooBIT.ProjectInitializer", "src\NooBIT.ProjectInitializer\NooBIT.ProjectInitializer.csproj", "{5F454C46-9650-4D96-B914-A7171055E5C5}"
EndProject
Project("{2150E333-8FDC-42A3-9474-1A3956D46DE8}") = "tools", "tools", "{E31ECEE9-7700-49A0-9023-AF01325D9B40}"
	ProjectSection(SolutionItems) = preProject
		tools\project-init.ps1 = tools\project-init.ps1
	EndProjectSection
EndProject
Project("{2150E333-8FDC-42A3-9474-1A3956D46DE8}") = "docs", "docs", "{9F9AF790-CD18-491A-A789-27DE4208A1C5}"
	ProjectSection(SolutionItems) = preProject
		.editorconfig = .editorconfig
		.gitconfig = .gitconfig
		.gitignore = .gitignore
		appveyor.yml = appveyor.yml
		LICENSE = LICENSE
		README.md = README.md
	EndProjectSection
EndProject
Global
	GlobalSection(SolutionConfigurationPlatforms) = preSolution
		Debug|Any CPU = Debug|Any CPU
		Debug|x64 = Debug|x64
		Debug|x86 = Debug|x86
		Release|Any CPU = Release|Any CPU
		Release|x64 = Release|x64
		Release|x86 = Release|x86
	EndGlobalSection
	GlobalSection(ProjectConfigurationPlatforms) = postSolution
		{5F454C46-9650-4D96-B914-A7171055E5C5}.Debug|Any CPU.ActiveCfg = Debug|Any CPU
		{5F454C46-9650-4D96-B914-A7171055E5C5}.Debug|Any CPU.Build.0 = Debug|Any CPU
		{5F454C46-9650-4D96-B914-A7171055E5C5}.Debug|x64.ActiveCfg = Debug|Any CPU
		{5F454C46-9650-4D96-B914-A7171055E5C5}.Debug|x64.Build.0 = Debug|Any CPU
		{5F454C46-9650-4D96-B914-A7171055E5C5}.Debug|x86.ActiveCfg = Debug|Any CPU
		{5F454C46-9650-4D96-B914-A7171055E5C5}.Debug|x86.Build.0 = Debug|Any CPU
		{5F454C46-9650-4D96-B914-A7171055E5C5}.Release|Any CPU.ActiveCfg = Release|Any CPU
		{5F454C46-9650-4D96-B914-A7171055E5C5}.Release|Any CPU.Build.0 = Release|Any CPU
		{5F454C46-9650-4D96-B914-A7171055E5C5}.Release|x64.ActiveCfg = Release|Any CPU
		{5F454C46-9650-4D96-B914-A7171055E5C5}.Release|x64.Build.0 = Release|Any CPU
		{5F454C46-9650-4D96-B914-A7171055E5C5}.Release|x86.ActiveCfg = Release|Any CPU
		{5F454C46-9650-4D96-B914-A7171055E5C5}.Release|x86.Build.0 = Release|Any CPU
	EndGlobalSection
	GlobalSection(SolutionProperties) = preSolution
		HideSolutionNode = FALSE
	EndGlobalSection
	GlobalSection(NestedProjects) = preSolution
		{5F454C46-9650-4D96-B914-A7171055E5C5} = {CEBC1DF4-E839-4AF7-BC74-3D5BB7CEB3B0}
	EndGlobalSection
	GlobalSection(ExtensibilityGlobals) = postSolution
		SolutionGuid = {A4E917E2-68B8-4D10-8906-6E12033000E7}
	EndGlobalSection
EndGlobal
